
Microsoft Visual Studio Solution File, Format Version 12.00
Project("{2150E333-8FDC-42A3-9474-1A3956D46DE8}") = "Core", "Core", "{0C3EAABD-BFA6-4860-A3FC-4413A457194C}"
EndProject
Project("{2150E333-8FDC-42A3-9474-1A3956D46DE8}") = "Tests", "Tests", "{F45A807B-8052-4C2A-88BE-8E1250D81930}"
EndProject
Project("{FAE04EC0-301F-11D3-BF4B-00C04F79EFBC}") = "WebSiapp.Domain", "WebSiapp.Domain\WebSiapp.Domain.csproj", "{5A5AB038-9737-46FF-967E-C56402E1F6C9}"
EndProject
Project("{FAE04EC0-301F-11D3-BF4B-00C04F79EFBC}") = "WebSiapp.Infrastructure", "WebSiapp.Infrastructure\WebSiapp.Infrastructure.csproj", "{E0370A9E-92AA-4EE8-9B8E-F4C75116B016}"
EndProject
Project("{FAE04EC0-301F-11D3-BF4B-00C04F79EFBC}") = "WebSiapp.Domain.Integration.Tests", "WebSiapp.Domain.Integration.Tests\WebSiapp.Domain.Integration.Tests.csproj", "{8A9FB9DE-4C9B-4819-8114-268067FB3050}"
EndProject
Project("{FAE04EC0-301F-11D3-BF4B-00C04F79EFBC}") = "WebSiapp.Domain.Unit.Tests", "WebSiapp.Domain.Unit.Tests\WebSiapp.Domain.Unit.Tests.csproj", "{3EE9EBAE-4345-4B32-9C41-A3ED31CB33BD}"
EndProject
Project("{FAE04EC0-301F-11D3-BF4B-00C04F79EFBC}") = "WebSiapp.Application", "WebSiapp.Application\WebSiapp.Application.csproj", "{6794BD62-B109-4DA6-8DF0-19BEBD7E43C0}"
EndProject
Global
	GlobalSection(SolutionConfigurationPlatforms) = preSolution
		Debug|Any CPU = Debug|Any CPU
		Release|Any CPU = Release|Any CPU
	EndGlobalSection
	GlobalSection(ProjectConfigurationPlatforms) = postSolution
		{5A5AB038-9737-46FF-967E-C56402E1F6C9}.Debug|Any CPU.ActiveCfg = Debug|Any CPU
		{5A5AB038-9737-46FF-967E-C56402E1F6C9}.Debug|Any CPU.Build.0 = Debug|Any CPU
		{5A5AB038-9737-46FF-967E-C56402E1F6C9}.Release|Any CPU.ActiveCfg = Release|Any CPU
		{5A5AB038-9737-46FF-967E-C56402E1F6C9}.Release|Any CPU.Build.0 = Release|Any CPU
		{E0370A9E-92AA-4EE8-9B8E-F4C75116B016}.Debug|Any CPU.ActiveCfg = Debug|Any CPU
		{E0370A9E-92AA-4EE8-9B8E-F4C75116B016}.Debug|Any CPU.Build.0 = Debug|Any CPU
		{E0370A9E-92AA-4EE8-9B8E-F4C75116B016}.Release|Any CPU.ActiveCfg = Release|Any CPU
		{E0370A9E-92AA-4EE8-9B8E-F4C75116B016}.Release|Any CPU.Build.0 = Release|Any CPU
		{8A9FB9DE-4C9B-4819-8114-268067FB3050}.Debug|Any CPU.ActiveCfg = Debug|Any CPU
		{8A9FB9DE-4C9B-4819-8114-268067FB3050}.Debug|Any CPU.Build.0 = Debug|Any CPU
		{8A9FB9DE-4C9B-4819-8114-268067FB3050}.Release|Any CPU.ActiveCfg = Release|Any CPU
		{8A9FB9DE-4C9B-4819-8114-268067FB3050}.Release|Any CPU.Build.0 = Release|Any CPU
		{3EE9EBAE-4345-4B32-9C41-A3ED31CB33BD}.Debug|Any CPU.ActiveCfg = Debug|Any CPU
		{3EE9EBAE-4345-4B32-9C41-A3ED31CB33BD}.Debug|Any CPU.Build.0 = Debug|Any CPU
		{3EE9EBAE-4345-4B32-9C41-A3ED31CB33BD}.Release|Any CPU.ActiveCfg = Release|Any CPU
		{3EE9EBAE-4345-4B32-9C41-A3ED31CB33BD}.Release|Any CPU.Build.0 = Release|Any CPU
		{6794BD62-B109-4DA6-8DF0-19BEBD7E43C0}.Debug|Any CPU.ActiveCfg = Debug|Any CPU
		{6794BD62-B109-4DA6-8DF0-19BEBD7E43C0}.Debug|Any CPU.Build.0 = Debug|Any CPU
		{6794BD62-B109-4DA6-8DF0-19BEBD7E43C0}.Release|Any CPU.ActiveCfg = Release|Any CPU
		{6794BD62-B109-4DA6-8DF0-19BEBD7E43C0}.Release|Any CPU.Build.0 = Release|Any CPU
	EndGlobalSection
	GlobalSection(NestedProjects) = preSolution
		{5A5AB038-9737-46FF-967E-C56402E1F6C9} = {0C3EAABD-BFA6-4860-A3FC-4413A457194C}
		{E0370A9E-92AA-4EE8-9B8E-F4C75116B016} = {0C3EAABD-BFA6-4860-A3FC-4413A457194C}
		{8A9FB9DE-4C9B-4819-8114-268067FB3050} = {F45A807B-8052-4C2A-88BE-8E1250D81930}
		{3EE9EBAE-4345-4B32-9C41-A3ED31CB33BD} = {F45A807B-8052-4C2A-88BE-8E1250D81930}
		{6794BD62-B109-4DA6-8DF0-19BEBD7E43C0} = {0C3EAABD-BFA6-4860-A3FC-4413A457194C}
	EndGlobalSection
EndGlobal
